
Microsoft Visual Studio Solution File, Format Version 12.00
# Visual Studio Version 16
VisualStudioVersion = 16.0.30011.22
MinimumVisualStudioVersion = 10.0.40219.1
Project("{FAE04EC0-301F-11D3-BF4B-00C04F79EFBC}") = "NTierEmployees.BLL", "NTierEmployees.BLL\NTierEmployees.BLL.csproj", "{4CA6788C-0A1F-4E9C-8C45-BDF2F18C767D}"
EndProject
Project("{FAE04EC0-301F-11D3-BF4B-00C04F79EFBC}") = "NTierEmployees.DAL", "NTierEmployees.DAL\NTierEmployees.DAL.csproj", "{9FBAD191-D302-439A-B418-828D610A3ACA}"
EndProject
Project("{FAE04EC0-301F-11D3-BF4B-00C04F79EFBC}") = "NTierEmployees.WinUI", "NTierEmployees.WinUI\NTierEmployees.WinUI.csproj", "{695616B0-9BBA-4595-B7C4-251B754253C5}"
EndProject
Global
	GlobalSection(SolutionConfigurationPlatforms) = preSolution
		Debug|Any CPU = Debug|Any CPU
		Release|Any CPU = Release|Any CPU
	EndGlobalSection
	GlobalSection(ProjectConfigurationPlatforms) = postSolution
		{4CA6788C-0A1F-4E9C-8C45-BDF2F18C767D}.Debug|Any CPU.ActiveCfg = Debug|Any CPU
		{4CA6788C-0A1F-4E9C-8C45-BDF2F18C767D}.Debug|Any CPU.Build.0 = Debug|Any CPU
		{4CA6788C-0A1F-4E9C-8C45-BDF2F18C767D}.Release|Any CPU.ActiveCfg = Release|Any CPU
		{4CA6788C-0A1F-4E9C-8C45-BDF2F18C767D}.Release|Any CPU.Build.0 = Release|Any CPU
		{9FBAD191-D302-439A-B418-828D610A3ACA}.Debug|Any CPU.ActiveCfg = Debug|Any CPU
		{9FBAD191-D302-439A-B418-828D610A3ACA}.Debug|Any CPU.Build.0 = Debug|Any CPU
		{9FBAD191-D302-439A-B418-828D610A3ACA}.Release|Any CPU.ActiveCfg = Release|Any CPU
		{9FBAD191-D302-439A-B418-828D610A3ACA}.Release|Any CPU.Build.0 = Release|Any CPU
		{695616B0-9BBA-4595-B7C4-251B754253C5}.Debug|Any CPU.ActiveCfg = Debug|Any CPU
		{695616B0-9BBA-4595-B7C4-251B754253C5}.Debug|Any CPU.Build.0 = Debug|Any CPU
		{695616B0-9BBA-4595-B7C4-251B754253C5}.Release|Any CPU.ActiveCfg = Release|Any CPU
		{695616B0-9BBA-4595-B7C4-251B754253C5}.Release|Any CPU.Build.0 = Release|Any CPU
	EndGlobalSection
	GlobalSection(SolutionProperties) = preSolution
		HideSolutionNode = FALSE
	EndGlobalSection
	GlobalSection(ExtensibilityGlobals) = postSolution
		SolutionGuid = {FD245FE6-3450-4B8B-88A5-16AC9B317398}
	EndGlobalSection
EndGlobal
